
Microsoft Visual Studio Solution File, Format Version 12.00
# Visual Studio Version 17
VisualStudioVersion = 17.7.34202.233
MinimumVisualStudioVersion = 10.0.40219.1
Project("{FAE04EC0-301F-11D3-BF4B-00C04F79EFBC}") = "Program 2", "Program 2\Program 2.csproj", "{9C602CF1-4D51-423C-A53C-F7561F099FDD}"
EndProject
Global
	GlobalSection(SolutionConfigurationPlatforms) = preSolution
		Debug|Any CPU = Debug|Any CPU
		Release|Any CPU = Release|Any CPU
	EndGlobalSection
	GlobalSection(ProjectConfigurationPlatforms) = postSolution
		{9C602CF1-4D51-423C-A53C-F7561F099FDD}.Debug|Any CPU.ActiveCfg = Debug|Any CPU
		{9C602CF1-4D51-423C-A53C-F7561F099FDD}.Debug|Any CPU.Build.0 = Debug|Any CPU
		{9C602CF1-4D51-423C-A53C-F7561F099FDD}.Release|Any CPU.ActiveCfg = Release|Any CPU
		{9C602CF1-4D51-423C-A53C-F7561F099FDD}.Release|Any CPU.Build.0 = Release|Any CPU
	EndGlobalSection
	GlobalSection(SolutionProperties) = preSolution
		HideSolutionNode = FALSE
	EndGlobalSection
	GlobalSection(ExtensibilityGlobals) = postSolution
		SolutionGuid = {420C2239-A726-41E2-949E-6AF90FA63E90}
	EndGlobalSection
EndGlobal
